
Microsoft Visual Studio Solution File, Format Version 12.00
# Visual Studio Version 17
VisualStudioVersion = 17.14.36511.14 d17.14
MinimumVisualStudioVersion = 10.0.40219.1
Project("{8BC9CEB8-8B4A-11D0-8D11-00A0C91BC942}") = "завдання 4", "завдання 4\завдання 4.vcxproj", "{16E46CD6-F038-4D7A-8B4F-887CDF4D2E3B}"
EndProject
Global
	GlobalSection(SolutionConfigurationPlatforms) = preSolution
		Debug|x64 = Debug|x64
		Debug|x86 = Debug|x86
		Release|x64 = Release|x64
		Release|x86 = Release|x86
	EndGlobalSection
	GlobalSection(ProjectConfigurationPlatforms) = postSolution
		{16E46CD6-F038-4D7A-8B4F-887CDF4D2E3B}.Debug|x64.ActiveCfg = Debug|x64
		{16E46CD6-F038-4D7A-8B4F-887CDF4D2E3B}.Debug|x64.Build.0 = Debug|x64
		{16E46CD6-F038-4D7A-8B4F-887CDF4D2E3B}.Debug|x86.ActiveCfg = Debug|Win32
		{16E46CD6-F038-4D7A-8B4F-887CDF4D2E3B}.Debug|x86.Build.0 = Debug|Win32
		{16E46CD6-F038-4D7A-8B4F-887CDF4D2E3B}.Release|x64.ActiveCfg = Release|x64
		{16E46CD6-F038-4D7A-8B4F-887CDF4D2E3B}.Release|x64.Build.0 = Release|x64
		{16E46CD6-F038-4D7A-8B4F-887CDF4D2E3B}.Release|x86.ActiveCfg = Release|Win32
		{16E46CD6-F038-4D7A-8B4F-887CDF4D2E3B}.Release|x86.Build.0 = Release|Win32
	EndGlobalSection
	GlobalSection(SolutionProperties) = preSolution
		HideSolutionNode = FALSE
	EndGlobalSection
	GlobalSection(ExtensibilityGlobals) = postSolution
		SolutionGuid = {FC62656C-10AE-4A95-94AC-B08B774E8687}
	EndGlobalSection
EndGlobal
